{
  "name": "rescript-vscode-client",
  "version": "0.0.0",
  "lockfileVersion": 2,
  "requires": true,
  "packages": {
    "": {
      "name": "rescript-vscode-client",
      "version": "0.0.0",
      "license": "MIT",
      "dependencies": {
        "vscode-languageclient": "^8.0.1"
      }
    },
    "node_modules/balanced-match": {
      "version": "1.0.2",
      "resolved": "https://registry.npmjs.org/balanced-match/-/balanced-match-1.0.2.tgz",
      "integrity": "sha512-3oSeUO0TMV67hN1AmbXsK4yaqU7tjiHlbxRDZOpH0KW9+CeX4bRAaX0Anxt0tx2MrpRpWwQaPwIlISEJhYU5Pw=="
    },
    "node_modules/brace-expansion": {
      "version": "1.1.11",
      "resolved": "https://registry.npmjs.org/brace-expansion/-/brace-expansion-1.1.11.tgz",
      "integrity": "sha512-iCuPHDFgrHX7H2vEI/5xpz07zSHB00TpugqhmYtVmMO6518mCuRMoOYFldEBl0g187ufozdaHgWKcYFb61qGiA==",
      "dependencies": {
        "balanced-match": "^1.0.0",
        "concat-map": "0.0.1"
      }
    },
    "node_modules/concat-map": {
      "version": "0.0.1",
      "resolved": "https://registry.npmjs.org/concat-map/-/concat-map-0.0.1.tgz",
      "integrity": "sha1-2Klr13/Wjfd5OnMDajug1UBdR3s="
    },
    "node_modules/lru-cache": {
      "version": "6.0.0",
      "resolved": "https://registry.npmjs.org/lru-cache/-/lru-cache-6.0.0.tgz",
      "integrity": "sha512-Jo6dJ04CmSjuznwJSS3pUeWmd/H0ffTlkXXgwZi+eq1UCmqQwCh+eLsYOYCwY991i2Fah4h1BEMCx4qThGbsiA==",
      "dependencies": {
        "yallist": "^4.0.0"
      },
      "engines": {
        "node": ">=10"
      }
    },
    "node_modules/minimatch": {
      "version": "3.0.4",
      "resolved": "https://registry.npmjs.org/minimatch/-/minimatch-3.0.4.tgz",
      "integrity": "sha512-yJHVQEhyqPLUTgt9B83PXu6W3rx4MvvHvSUvToogpwoGDOUQ+yDrR0HRot+yOCdCO7u4hX3pWft6kWBBcqh0UA==",
      "dependencies": {
        "brace-expansion": "^1.1.7"
      },
      "engines": {
        "node": "*"
      }
    },
    "node_modules/semver": {
      "version": "7.3.5",
      "resolved": "https://registry.npmjs.org/semver/-/semver-7.3.5.tgz",
      "integrity": "sha512-PoeGJYh8HK4BTO/a9Tf6ZG3veo/A7ZVsYrSA6J8ny9nb3B1VrpkuN+z9OE5wfE5p6H4LchYZsegiQgbJD94ZFQ==",
      "dependencies": {
        "lru-cache": "^6.0.0"
      },
      "bin": {
        "semver": "bin/semver.js"
      },
      "engines": {
        "node": ">=10"
      }
    },
    "node_modules/vscode-jsonrpc": {
      "version": "8.0.1",
      "resolved": "https://registry.npmjs.org/vscode-jsonrpc/-/vscode-jsonrpc-8.0.1.tgz",
      "integrity": "sha512-N/WKvghIajmEvXpatSzvTvOIz61ZSmOSa4BRA4pTLi+1+jozquQKP/MkaylP9iB68k73Oua1feLQvH3xQuigiQ==",
      "engines": {
        "node": ">=14.0.0"
      }
    },
    "node_modules/vscode-languageclient": {
      "version": "8.0.1",
      "resolved": "https://registry.npmjs.org/vscode-languageclient/-/vscode-languageclient-8.0.1.tgz",
      "integrity": "sha512-9XoE+HJfaWvu7Y75H3VmLo5WLCtsbxEgEhrLPqwt7eyoR49lUIyyrjb98Yfa50JCMqF2cePJAEVI6oe2o1sIhw==",
      "dependencies": {
        "minimatch": "^3.0.4",
        "semver": "^7.3.5",
        "vscode-languageserver-protocol": "3.17.1"
      },
      "engines": {
        "vscode": "^1.67.0"
      }
    },
    "node_modules/vscode-languageserver-protocol": {
      "version": "3.17.1",
      "resolved": "https://registry.npmjs.org/vscode-languageserver-protocol/-/vscode-languageserver-protocol-3.17.1.tgz",
      "integrity": "sha512-BNlAYgQoYwlSgDLJhSG+DeA8G1JyECqRzM2YO6tMmMji3Ad9Mw6AW7vnZMti90qlAKb0LqAlJfSVGEdqMMNzKg==",
      "dependencies": {
        "vscode-jsonrpc": "8.0.1",
        "vscode-languageserver-types": "3.17.1"
      }
    },
    "node_modules/vscode-languageserver-types": {
      "version": "3.17.1",
      "resolved": "https://registry.npmjs.org/vscode-languageserver-types/-/vscode-languageserver-types-3.17.1.tgz",
      "integrity": "sha512-K3HqVRPElLZVVPtMeKlsyL9aK0GxGQpvtAUTfX4k7+iJ4mc1M+JM+zQwkgGy2LzY0f0IAafe8MKqIkJrxfGGjQ=="
    },
    "node_modules/yallist": {
      "version": "4.0.0",
      "resolved": "https://registry.npmjs.org/yallist/-/yallist-4.0.0.tgz",
      "integrity": "sha512-3wdGidZyq5PB084XLES5TpOSRA3wjXAlIWMhum2kRcv/41Sn2emQ0dycQW4uZXLejwKvg6EsvbdlVL+FYEct7A=="
    }
  },
  "dependencies": {
    "balanced-match": {
      "version": "1.0.2",
      "resolved": "https://registry.npmjs.org/balanced-match/-/balanced-match-1.0.2.tgz",
      "integrity": "sha512-3oSeUO0TMV67hN1AmbXsK4yaqU7tjiHlbxRDZOpH0KW9+CeX4bRAaX0Anxt0tx2MrpRpWwQaPwIlISEJhYU5Pw=="
    },
    "brace-expansion": {
      "version": "1.1.11",
      "resolved": "https://registry.npmjs.org/brace-expansion/-/brace-expansion-1.1.11.tgz",
      "integrity": "sha512-iCuPHDFgrHX7H2vEI/5xpz07zSHB00TpugqhmYtVmMO6518mCuRMoOYFldEBl0g187ufozdaHgWKcYFb61qGiA==",
      "requires": {
        "balanced-match": "^1.0.0",
        "concat-map": "0.0.1"
      }
    },
    "concat-map": {
      "version": "0.0.1",
      "resolved": "https://registry.npmjs.org/concat-map/-/concat-map-0.0.1.tgz",
      "integrity": "sha1-2Klr13/Wjfd5OnMDajug1UBdR3s="
    },
    "lru-cache": {
      "version": "6.0.0",
      "resolved": "https://registry.npmjs.org/lru-cache/-/lru-cache-6.0.0.tgz",
      "integrity": "sha512-Jo6dJ04CmSjuznwJSS3pUeWmd/H0ffTlkXXgwZi+eq1UCmqQwCh+eLsYOYCwY991i2Fah4h1BEMCx4qThGbsiA==",
      "requires": {
        "yallist": "^4.0.0"
      }
    },
    "minimatch": {
      "version": "3.0.4",
      "resolved": "https://registry.npmjs.org/minimatch/-/minimatch-3.0.4.tgz",
      "integrity": "sha512-yJHVQEhyqPLUTgt9B83PXu6W3rx4MvvHvSUvToogpwoGDOUQ+yDrR0HRot+yOCdCO7u4hX3pWft6kWBBcqh0UA==",
      "requires": {
        "brace-expansion": "^1.1.7"
      }
    },
    "semver": {
      "version": "7.3.5",
      "resolved": "https://registry.npmjs.org/semver/-/semver-7.3.5.tgz",
      "integrity": "sha512-PoeGJYh8HK4BTO/a9Tf6ZG3veo/A7ZVsYrSA6J8ny9nb3B1VrpkuN+z9OE5wfE5p6H4LchYZsegiQgbJD94ZFQ==",
      "requires": {
        "lru-cache": "^6.0.0"
      }
    },
    "vscode-jsonrpc": {
      "version": "8.0.1",
      "resolved": "https://registry.npmjs.org/vscode-jsonrpc/-/vscode-jsonrpc-8.0.1.tgz",
      "integrity": "sha512-N/WKvghIajmEvXpatSzvTvOIz61ZSmOSa4BRA4pTLi+1+jozquQKP/MkaylP9iB68k73Oua1feLQvH3xQuigiQ=="
    },
    "vscode-languageclient": {
      "version": "8.0.1",
      "resolved": "https://registry.npmjs.org/vscode-languageclient/-/vscode-languageclient-8.0.1.tgz",
      "integrity": "sha512-9XoE+HJfaWvu7Y75H3VmLo5WLCtsbxEgEhrLPqwt7eyoR49lUIyyrjb98Yfa50JCMqF2cePJAEVI6oe2o1sIhw==",
      "requires": {
        "minimatch": "^3.0.4",
        "semver": "^7.3.5",
        "vscode-languageserver-protocol": "3.17.1"
      }
    },
    "vscode-languageserver-protocol": {
      "version": "3.17.1",
      "resolved": "https://registry.npmjs.org/vscode-languageserver-protocol/-/vscode-languageserver-protocol-3.17.1.tgz",
      "integrity": "sha512-BNlAYgQoYwlSgDLJhSG+DeA8G1JyECqRzM2YO6tMmMji3Ad9Mw6AW7vnZMti90qlAKb0LqAlJfSVGEdqMMNzKg==",
      "requires": {
        "vscode-jsonrpc": "8.0.1",
        "vscode-languageserver-types": "3.17.1"
      }
    },
    "vscode-languageserver-types": {
      "version": "3.17.1",
      "resolved": "https://registry.npmjs.org/vscode-languageserver-types/-/vscode-languageserver-types-3.17.1.tgz",
      "integrity": "sha512-K3HqVRPElLZVVPtMeKlsyL9aK0GxGQpvtAUTfX4k7+iJ4mc1M+JM+zQwkgGy2LzY0f0IAafe8MKqIkJrxfGGjQ=="
    },
    "yallist": {
      "version": "4.0.0",
      "resolved": "https://registry.npmjs.org/yallist/-/yallist-4.0.0.tgz",
      "integrity": "sha512-3wdGidZyq5PB084XLES5TpOSRA3wjXAlIWMhum2kRcv/41Sn2emQ0dycQW4uZXLejwKvg6EsvbdlVL+FYEct7A=="
    }
  }
}
