{
	"name": "rescript-vscode",
	"version": "1.18.0",
	"lockfileVersion": 2,
	"requires": true,
	"packages": {
		"": {
			"name": "rescript-vscode",
			"version": "1.18.0",
			"hasInstallScript": true,
			"license": "MIT",
			"devDependencies": {
				"@types/node": "^14.14.41",
				"@types/vscode": "1.68.0",
				"esbuild": "^0.19.1",
				"semver": "^7.3.7",
				"typescript": "^4.7.3"
			},
			"engines": {
				"vscode": "^1.68.0"
			}
		},
		"node_modules/@esbuild/android-arm": {
			"version": "0.19.1",
			"resolved": "https://registry.npmjs.org/@esbuild/android-arm/-/android-arm-0.19.1.tgz",
			"integrity": "sha512-yjTucwcOua52z14RL30JMwmCdylsQ5WrErGkAb6VL0MWPbnwJyLejydaRcUqkPO6g0MowlzavdxrR7AcfCW+yA==",
			"cpu": [
				"arm"
			],
			"dev": true,
			"optional": true,
			"os": [
				"android"
			],
			"engines": {
				"node": ">=12"
			}
		},
		"node_modules/@esbuild/android-arm64": {
			"version": "0.19.1",
			"resolved": "https://registry.npmjs.org/@esbuild/android-arm64/-/android-arm64-0.19.1.tgz",
			"integrity": "sha512-CqhrKvDSt76I0so/5afqgKrMv41FjbfUKFrcZddMnrZKqJU70I1MWLVJrImJuYMaY4Yb9rn4UKfF7oZ0BOleVw==",
			"cpu": [
				"arm64"
			],
			"dev": true,
			"optional": true,
			"os": [
				"android"
			],
			"engines": {
				"node": ">=12"
			}
		},
		"node_modules/@esbuild/android-x64": {
			"version": "0.19.1",
			"resolved": "https://registry.npmjs.org/@esbuild/android-x64/-/android-x64-0.19.1.tgz",
			"integrity": "sha512-VA29h01MrPkymIL1bFtvL2L4WPogiMGW2N/M+vXZHHOv6LgA9vjzVskTt0v5LjeCjx1PFDcR0ASKy8Y7Gm+iIA==",
			"cpu": [
				"x64"
			],
			"dev": true,
			"optional": true,
			"os": [
				"android"
			],
			"engines": {
				"node": ">=12"
			}
		},
		"node_modules/@esbuild/darwin-arm64": {
			"version": "0.19.1",
			"resolved": "https://registry.npmjs.org/@esbuild/darwin-arm64/-/darwin-arm64-0.19.1.tgz",
			"integrity": "sha512-Be4Cf6WDH7QkLHEpfzQOlBOFdqmqYTSqw2yG3SVmzB3++wy3K7wiNGedezL+q6Jb4weqT9tchO5kkLDC08Jnzg==",
			"cpu": [
				"arm64"
			],
			"dev": true,
			"optional": true,
			"os": [
				"darwin"
			],
			"engines": {
				"node": ">=12"
			}
		},
		"node_modules/@esbuild/darwin-x64": {
			"version": "0.19.1",
			"resolved": "https://registry.npmjs.org/@esbuild/darwin-x64/-/darwin-x64-0.19.1.tgz",
			"integrity": "sha512-SewtenJi6zCEfZRSUchb+LgJ/IQw8QvnKECPu/qHII1fLQKnVPUVR+VH2IuS03DD9WWnAi3yfOvBNwtrp3WXtg==",
			"cpu": [
				"x64"
			],
			"dev": true,
			"optional": true,
			"os": [
				"darwin"
			],
			"engines": {
				"node": ">=12"
			}
		},
		"node_modules/@esbuild/freebsd-arm64": {
			"version": "0.19.1",
			"resolved": "https://registry.npmjs.org/@esbuild/freebsd-arm64/-/freebsd-arm64-0.19.1.tgz",
			"integrity": "sha512-TadKO0AaTDAPV2RyGZQ0AaiDTVYg7RsgNaA6OJjXXmoLbTs++NwHtzAmVFBq8Q/P9A11wgkv36HeyAYhWHbW1w==",
			"cpu": [
				"arm64"
			],
			"dev": true,
			"optional": true,
			"os": [
				"freebsd"
			],
			"engines": {
				"node": ">=12"
			}
		},
		"node_modules/@esbuild/freebsd-x64": {
			"version": "0.19.1",
			"resolved": "https://registry.npmjs.org/@esbuild/freebsd-x64/-/freebsd-x64-0.19.1.tgz",
			"integrity": "sha512-DrFMGLF0/aAcZgwhtZr1cby7aHlalpFjLCe5CiI8mm0Kqhhc8gyNZKreaZzvir8CQe0H17p9xx6M9ben5R3r0g==",
			"cpu": [
				"x64"
			],
			"dev": true,
			"optional": true,
			"os": [
				"freebsd"
			],
			"engines": {
				"node": ">=12"
			}
		},
		"node_modules/@esbuild/linux-arm": {
			"version": "0.19.1",
			"resolved": "https://registry.npmjs.org/@esbuild/linux-arm/-/linux-arm-0.19.1.tgz",
			"integrity": "sha512-lCWDVPpQO/Dt5MEqctKujgtUVmwQx7J2Q83EqX/9BejN7BIX4fGJ0QKMiIyy21PFh+/64ArN+Ovh1tzYkTt2wg==",
			"cpu": [
				"arm"
			],
			"dev": true,
			"optional": true,
			"os": [
				"linux"
			],
			"engines": {
				"node": ">=12"
			}
		},
		"node_modules/@esbuild/linux-arm64": {
			"version": "0.19.1",
			"resolved": "https://registry.npmjs.org/@esbuild/linux-arm64/-/linux-arm64-0.19.1.tgz",
			"integrity": "sha512-6ku/R2EzsdjyBaqQn+xGOPbv+BBYBXQYzlA04/46YQLmXkdApi0GYyUwiCXYBxm578iyywzGmM0rep1/q8tuFQ==",
			"cpu": [
				"arm64"
			],
			"dev": true,
			"optional": true,
			"os": [
				"linux"
			],
			"engines": {
				"node": ">=12"
			}
		},
		"node_modules/@esbuild/linux-ia32": {
			"version": "0.19.1",
			"resolved": "https://registry.npmjs.org/@esbuild/linux-ia32/-/linux-ia32-0.19.1.tgz",
			"integrity": "sha512-8AKFBk9v/zBDsADvK/0BWZUxkjEc0QDwO8rvbHJKqAZx6DF/VSeBxTRmqWeecrJmx+n3kemEwML9z0eD9IHweQ==",
			"cpu": [
				"ia32"
			],
			"dev": true,
			"optional": true,
			"os": [
				"linux"
			],
			"engines": {
				"node": ">=12"
			}
		},
		"node_modules/@esbuild/linux-loong64": {
			"version": "0.19.1",
			"resolved": "https://registry.npmjs.org/@esbuild/linux-loong64/-/linux-loong64-0.19.1.tgz",
			"integrity": "sha512-6mOS5CxTGD8qOymp2y4KoM4ir+/REgjdJQFYpwP+WqjrWBo+PUevDGeHHjzCdw/R19PkFqS1bRzv8cTCmB/5kA==",
			"cpu": [
				"loong64"
			],
			"dev": true,
			"optional": true,
			"os": [
				"linux"
			],
			"engines": {
				"node": ">=12"
			}
		},
		"node_modules/@esbuild/linux-mips64el": {
			"version": "0.19.1",
			"resolved": "https://registry.npmjs.org/@esbuild/linux-mips64el/-/linux-mips64el-0.19.1.tgz",
			"integrity": "sha512-Bzmv6rRMzR4ErG2k/jwfj5jKNzVMVEI1tThuirFdAoE+duUv+jlDnlwxsN3s1eqMzADTOV2sSIcUUOfgv++Dgg==",
			"cpu": [
				"mips64el"
			],
			"dev": true,
			"optional": true,
			"os": [
				"linux"
			],
			"engines": {
				"node": ">=12"
			}
		},
		"node_modules/@esbuild/linux-ppc64": {
			"version": "0.19.1",
			"resolved": "https://registry.npmjs.org/@esbuild/linux-ppc64/-/linux-ppc64-0.19.1.tgz",
			"integrity": "sha512-mPOxA7bd3nmx8TkuO/9M/tE0fnvmuX0wlpwnTL6DPLgkb/Z/KkupexSIw4cLfznn/fPzD89y17VWBjlVNyrpCQ==",
			"cpu": [
				"ppc64"
			],
			"dev": true,
			"optional": true,
			"os": [
				"linux"
			],
			"engines": {
				"node": ">=12"
			}
		},
		"node_modules/@esbuild/linux-riscv64": {
			"version": "0.19.1",
			"resolved": "https://registry.npmjs.org/@esbuild/linux-riscv64/-/linux-riscv64-0.19.1.tgz",
			"integrity": "sha512-znYb2Mhe9xKIDeIYuTD6vCcUltvYzRT5Yq6sVcdhPrGu8DRdsNZS04B2tSeM+j7T03jL4yY+7/G/jxSJJ9LX2A==",
			"cpu": [
				"riscv64"
			],
			"dev": true,
			"optional": true,
			"os": [
				"linux"
			],
			"engines": {
				"node": ">=12"
			}
		},
		"node_modules/@esbuild/linux-s390x": {
			"version": "0.19.1",
			"resolved": "https://registry.npmjs.org/@esbuild/linux-s390x/-/linux-s390x-0.19.1.tgz",
			"integrity": "sha512-BBIE32cyqAYhMOQ42/jnecoF5P/S5lMob2vXSUiFpD3xCFbXOFkjP1OjfFKnalSO9+B5emvPTQFfNQXuLeVGEw==",
			"cpu": [
				"s390x"
			],
			"dev": true,
			"optional": true,
			"os": [
				"linux"
			],
			"engines": {
				"node": ">=12"
			}
		},
		"node_modules/@esbuild/linux-x64": {
			"version": "0.19.1",
			"resolved": "https://registry.npmjs.org/@esbuild/linux-x64/-/linux-x64-0.19.1.tgz",
			"integrity": "sha512-PoCvKdHTIbnHmVJ5OEdewGMSw40HDFRTrC/imwh8vrp695RbSUpOqBqNBT45neK0FQleGFbSE/A9X6HlXPDhqA==",
			"cpu": [
				"x64"
			],
			"dev": true,
			"optional": true,
			"os": [
				"linux"
			],
			"engines": {
				"node": ">=12"
			}
		},
		"node_modules/@esbuild/netbsd-x64": {
			"version": "0.19.1",
			"resolved": "https://registry.npmjs.org/@esbuild/netbsd-x64/-/netbsd-x64-0.19.1.tgz",
			"integrity": "sha512-4OrGMPorHCq9h52VLtyyyAmPjC2ZlANx54VDYyCrqXUOi+k0qxnPKXKKprVES67w2mE7TZJx9qZmT+jHeiZbHQ==",
			"cpu": [
				"x64"
			],
			"dev": true,
			"optional": true,
			"os": [
				"netbsd"
			],
			"engines": {
				"node": ">=12"
			}
		},
		"node_modules/@esbuild/openbsd-x64": {
			"version": "0.19.1",
			"resolved": "https://registry.npmjs.org/@esbuild/openbsd-x64/-/openbsd-x64-0.19.1.tgz",
			"integrity": "sha512-3a7ZYMjBC4P3FKdTmUZHJw7Mhzp71m+iSFFhX1PnLZ03qmyaB2K+vJZCk4PjRjAvm5lSupJQQtM/AFMyLgKlxQ==",
			"cpu": [
				"x64"
			],
			"dev": true,
			"optional": true,
			"os": [
				"openbsd"
			],
			"engines": {
				"node": ">=12"
			}
		},
		"node_modules/@esbuild/sunos-x64": {
			"version": "0.19.1",
			"resolved": "https://registry.npmjs.org/@esbuild/sunos-x64/-/sunos-x64-0.19.1.tgz",
			"integrity": "sha512-29yWBN5XfEjXT8yoeVb8cXfN1jAQLB+uskog1vBMhFR+YWOYvsrwPnh4hspETC/JnF95J+iETrvxgOUlICTWIw==",
			"cpu": [
				"x64"
			],
			"dev": true,
			"optional": true,
			"os": [
				"sunos"
			],
			"engines": {
				"node": ">=12"
			}
		},
		"node_modules/@esbuild/win32-arm64": {
			"version": "0.19.1",
			"resolved": "https://registry.npmjs.org/@esbuild/win32-arm64/-/win32-arm64-0.19.1.tgz",
			"integrity": "sha512-9Hb/WUXgyXlL55w3iNVyLkN9gq9x+agv3kk80foWbfpOwe7Qw4Vx6JGB+XQdsIfvvP1kShVQPIvBgVj0TxLlVw==",
			"cpu": [
				"arm64"
			],
			"dev": true,
			"optional": true,
			"os": [
				"win32"
			],
			"engines": {
				"node": ">=12"
			}
		},
		"node_modules/@esbuild/win32-ia32": {
			"version": "0.19.1",
			"resolved": "https://registry.npmjs.org/@esbuild/win32-ia32/-/win32-ia32-0.19.1.tgz",
			"integrity": "sha512-VGdtEcXX/f01NgoM8emDnpdOyrZCQ7VTwLv89MOl3mvJ5fbCOBMNCa8t7RZS4lf12RS87qOuJFX7Bh9aLTbSxg==",
			"cpu": [
				"ia32"
			],
			"dev": true,
			"optional": true,
			"os": [
				"win32"
			],
			"engines": {
				"node": ">=12"
			}
		},
		"node_modules/@esbuild/win32-x64": {
			"version": "0.19.1",
			"resolved": "https://registry.npmjs.org/@esbuild/win32-x64/-/win32-x64-0.19.1.tgz",
			"integrity": "sha512-H6u8OHmJkKJubLbukVOyi9yA5lzK8VE4TFEkZj2vgusTUPvFeMQ8YnWviVc9F6PuKS6ZIpOvi2/sfiW8tQZQ2g==",
			"cpu": [
				"x64"
			],
			"dev": true,
			"optional": true,
			"os": [
				"win32"
			],
			"engines": {
				"node": ">=12"
			}
		},
		"node_modules/@types/node": {
			"version": "14.14.41",
			"resolved": "https://registry.npmjs.org/@types/node/-/node-14.14.41.tgz",
			"integrity": "sha512-dueRKfaJL4RTtSa7bWeTK1M+VH+Gns73oCgzvYfHZywRCoPSd8EkXBL0mZ9unPTveBn+D9phZBaxuzpwjWkW0g==",
			"dev": true
		},
		"node_modules/@types/vscode": {
			"version": "1.68.0",
			"resolved": "https://registry.npmjs.org/@types/vscode/-/vscode-1.68.0.tgz",
			"integrity": "sha512-duBwEK5ta/eBBMJMQ7ECMEsMvlE3XJdRGh3xoS1uOO4jl2Z4LPBl5vx8WvBP10ERAgDRmIt/FaSD4RHyBGbChw==",
			"dev": true
		},
		"node_modules/esbuild": {
			"version": "0.19.1",
			"resolved": "https://registry.npmjs.org/esbuild/-/esbuild-0.19.1.tgz",
			"integrity": "sha512-IknHHwV4B/H4imOAu+416fuCvPfRjdncoyGi7eunhSvHuHkdNs50sLWan2LEG2Mym07TuW6gJUIyRS9G1miHEg==",
			"dev": true,
			"hasInstallScript": true,
			"bin": {
				"esbuild": "bin/esbuild"
			},
			"engines": {
				"node": ">=12"
			},
			"optionalDependencies": {
				"@esbuild/android-arm": "0.19.1",
				"@esbuild/android-arm64": "0.19.1",
				"@esbuild/android-x64": "0.19.1",
				"@esbuild/darwin-arm64": "0.19.1",
				"@esbuild/darwin-x64": "0.19.1",
				"@esbuild/freebsd-arm64": "0.19.1",
				"@esbuild/freebsd-x64": "0.19.1",
				"@esbuild/linux-arm": "0.19.1",
				"@esbuild/linux-arm64": "0.19.1",
				"@esbuild/linux-ia32": "0.19.1",
				"@esbuild/linux-loong64": "0.19.1",
				"@esbuild/linux-mips64el": "0.19.1",
				"@esbuild/linux-ppc64": "0.19.1",
				"@esbuild/linux-riscv64": "0.19.1",
				"@esbuild/linux-s390x": "0.19.1",
				"@esbuild/linux-x64": "0.19.1",
				"@esbuild/netbsd-x64": "0.19.1",
				"@esbuild/openbsd-x64": "0.19.1",
				"@esbuild/sunos-x64": "0.19.1",
				"@esbuild/win32-arm64": "0.19.1",
				"@esbuild/win32-ia32": "0.19.1",
				"@esbuild/win32-x64": "0.19.1"
			}
		},
		"node_modules/lru-cache": {
			"version": "6.0.0",
			"resolved": "https://registry.npmjs.org/lru-cache/-/lru-cache-6.0.0.tgz",
			"integrity": "sha512-Jo6dJ04CmSjuznwJSS3pUeWmd/H0ffTlkXXgwZi+eq1UCmqQwCh+eLsYOYCwY991i2Fah4h1BEMCx4qThGbsiA==",
			"dev": true,
			"dependencies": {
				"yallist": "^4.0.0"
			},
			"engines": {
				"node": ">=10"
			}
		},
		"node_modules/semver": {
			"version": "7.3.7",
			"resolved": "https://registry.npmjs.org/semver/-/semver-7.3.7.tgz",
			"integrity": "sha512-QlYTucUYOews+WeEujDoEGziz4K6c47V/Bd+LjSSYcA94p+DmINdf7ncaUinThfvZyu13lN9OY1XDxt8C0Tw0g==",
			"dev": true,
			"dependencies": {
				"lru-cache": "^6.0.0"
			},
			"bin": {
				"semver": "bin/semver.js"
			},
			"engines": {
				"node": ">=10"
			}
		},
		"node_modules/typescript": {
			"version": "4.7.3",
			"resolved": "https://registry.npmjs.org/typescript/-/typescript-4.7.3.tgz",
			"integrity": "sha512-WOkT3XYvrpXx4vMMqlD+8R8R37fZkjyLGlxavMc4iB8lrl8L0DeTcHbYgw/v0N/z9wAFsgBhcsF0ruoySS22mA==",
			"dev": true,
			"bin": {
				"tsc": "bin/tsc",
				"tsserver": "bin/tsserver"
			},
			"engines": {
				"node": ">=4.2.0"
			}
		},
		"node_modules/yallist": {
			"version": "4.0.0",
			"resolved": "https://registry.npmjs.org/yallist/-/yallist-4.0.0.tgz",
			"integrity": "sha512-3wdGidZyq5PB084XLES5TpOSRA3wjXAlIWMhum2kRcv/41Sn2emQ0dycQW4uZXLejwKvg6EsvbdlVL+FYEct7A==",
			"dev": true
		}
	},
	"dependencies": {
		"@esbuild/android-arm": {
			"version": "0.19.1",
			"resolved": "https://registry.npmjs.org/@esbuild/android-arm/-/android-arm-0.19.1.tgz",
			"integrity": "sha512-yjTucwcOua52z14RL30JMwmCdylsQ5WrErGkAb6VL0MWPbnwJyLejydaRcUqkPO6g0MowlzavdxrR7AcfCW+yA==",
			"dev": true,
			"optional": true
		},
		"@esbuild/android-arm64": {
			"version": "0.19.1",
			"resolved": "https://registry.npmjs.org/@esbuild/android-arm64/-/android-arm64-0.19.1.tgz",
			"integrity": "sha512-CqhrKvDSt76I0so/5afqgKrMv41FjbfUKFrcZddMnrZKqJU70I1MWLVJrImJuYMaY4Yb9rn4UKfF7oZ0BOleVw==",
			"dev": true,
			"optional": true
		},
		"@esbuild/android-x64": {
			"version": "0.19.1",
			"resolved": "https://registry.npmjs.org/@esbuild/android-x64/-/android-x64-0.19.1.tgz",
			"integrity": "sha512-VA29h01MrPkymIL1bFtvL2L4WPogiMGW2N/M+vXZHHOv6LgA9vjzVskTt0v5LjeCjx1PFDcR0ASKy8Y7Gm+iIA==",
			"dev": true,
			"optional": true
		},
		"@esbuild/darwin-arm64": {
			"version": "0.19.1",
			"resolved": "https://registry.npmjs.org/@esbuild/darwin-arm64/-/darwin-arm64-0.19.1.tgz",
			"integrity": "sha512-Be4Cf6WDH7QkLHEpfzQOlBOFdqmqYTSqw2yG3SVmzB3++wy3K7wiNGedezL+q6Jb4weqT9tchO5kkLDC08Jnzg==",
			"dev": true,
			"optional": true
		},
		"@esbuild/darwin-x64": {
			"version": "0.19.1",
			"resolved": "https://registry.npmjs.org/@esbuild/darwin-x64/-/darwin-x64-0.19.1.tgz",
			"integrity": "sha512-SewtenJi6zCEfZRSUchb+LgJ/IQw8QvnKECPu/qHII1fLQKnVPUVR+VH2IuS03DD9WWnAi3yfOvBNwtrp3WXtg==",
			"dev": true,
			"optional": true
		},
		"@esbuild/freebsd-arm64": {
			"version": "0.19.1",
			"resolved": "https://registry.npmjs.org/@esbuild/freebsd-arm64/-/freebsd-arm64-0.19.1.tgz",
			"integrity": "sha512-TadKO0AaTDAPV2RyGZQ0AaiDTVYg7RsgNaA6OJjXXmoLbTs++NwHtzAmVFBq8Q/P9A11wgkv36HeyAYhWHbW1w==",
			"dev": true,
			"optional": true
		},
		"@esbuild/freebsd-x64": {
			"version": "0.19.1",
			"resolved": "https://registry.npmjs.org/@esbuild/freebsd-x64/-/freebsd-x64-0.19.1.tgz",
			"integrity": "sha512-DrFMGLF0/aAcZgwhtZr1cby7aHlalpFjLCe5CiI8mm0Kqhhc8gyNZKreaZzvir8CQe0H17p9xx6M9ben5R3r0g==",
			"dev": true,
			"optional": true
		},
		"@esbuild/linux-arm": {
			"version": "0.19.1",
			"resolved": "https://registry.npmjs.org/@esbuild/linux-arm/-/linux-arm-0.19.1.tgz",
			"integrity": "sha512-lCWDVPpQO/Dt5MEqctKujgtUVmwQx7J2Q83EqX/9BejN7BIX4fGJ0QKMiIyy21PFh+/64ArN+Ovh1tzYkTt2wg==",
			"dev": true,
			"optional": true
		},
		"@esbuild/linux-arm64": {
			"version": "0.19.1",
			"resolved": "https://registry.npmjs.org/@esbuild/linux-arm64/-/linux-arm64-0.19.1.tgz",
			"integrity": "sha512-6ku/R2EzsdjyBaqQn+xGOPbv+BBYBXQYzlA04/46YQLmXkdApi0GYyUwiCXYBxm578iyywzGmM0rep1/q8tuFQ==",
			"dev": true,
			"optional": true
		},
		"@esbuild/linux-ia32": {
			"version": "0.19.1",
			"resolved": "https://registry.npmjs.org/@esbuild/linux-ia32/-/linux-ia32-0.19.1.tgz",
			"integrity": "sha512-8AKFBk9v/zBDsADvK/0BWZUxkjEc0QDwO8rvbHJKqAZx6DF/VSeBxTRmqWeecrJmx+n3kemEwML9z0eD9IHweQ==",
			"dev": true,
			"optional": true
		},
		"@esbuild/linux-loong64": {
			"version": "0.19.1",
			"resolved": "https://registry.npmjs.org/@esbuild/linux-loong64/-/linux-loong64-0.19.1.tgz",
			"integrity": "sha512-6mOS5CxTGD8qOymp2y4KoM4ir+/REgjdJQFYpwP+WqjrWBo+PUevDGeHHjzCdw/R19PkFqS1bRzv8cTCmB/5kA==",
			"dev": true,
			"optional": true
		},
		"@esbuild/linux-mips64el": {
			"version": "0.19.1",
			"resolved": "https://registry.npmjs.org/@esbuild/linux-mips64el/-/linux-mips64el-0.19.1.tgz",
			"integrity": "sha512-Bzmv6rRMzR4ErG2k/jwfj5jKNzVMVEI1tThuirFdAoE+duUv+jlDnlwxsN3s1eqMzADTOV2sSIcUUOfgv++Dgg==",
			"dev": true,
			"optional": true
		},
		"@esbuild/linux-ppc64": {
			"version": "0.19.1",
			"resolved": "https://registry.npmjs.org/@esbuild/linux-ppc64/-/linux-ppc64-0.19.1.tgz",
			"integrity": "sha512-mPOxA7bd3nmx8TkuO/9M/tE0fnvmuX0wlpwnTL6DPLgkb/Z/KkupexSIw4cLfznn/fPzD89y17VWBjlVNyrpCQ==",
			"dev": true,
			"optional": true
		},
		"@esbuild/linux-riscv64": {
			"version": "0.19.1",
			"resolved": "https://registry.npmjs.org/@esbuild/linux-riscv64/-/linux-riscv64-0.19.1.tgz",
			"integrity": "sha512-znYb2Mhe9xKIDeIYuTD6vCcUltvYzRT5Yq6sVcdhPrGu8DRdsNZS04B2tSeM+j7T03jL4yY+7/G/jxSJJ9LX2A==",
			"dev": true,
			"optional": true
		},
		"@esbuild/linux-s390x": {
			"version": "0.19.1",
			"resolved": "https://registry.npmjs.org/@esbuild/linux-s390x/-/linux-s390x-0.19.1.tgz",
			"integrity": "sha512-BBIE32cyqAYhMOQ42/jnecoF5P/S5lMob2vXSUiFpD3xCFbXOFkjP1OjfFKnalSO9+B5emvPTQFfNQXuLeVGEw==",
			"dev": true,
			"optional": true
		},
		"@esbuild/linux-x64": {
			"version": "0.19.1",
			"resolved": "https://registry.npmjs.org/@esbuild/linux-x64/-/linux-x64-0.19.1.tgz",
			"integrity": "sha512-PoCvKdHTIbnHmVJ5OEdewGMSw40HDFRTrC/imwh8vrp695RbSUpOqBqNBT45neK0FQleGFbSE/A9X6HlXPDhqA==",
			"dev": true,
			"optional": true
		},
		"@esbuild/netbsd-x64": {
			"version": "0.19.1",
			"resolved": "https://registry.npmjs.org/@esbuild/netbsd-x64/-/netbsd-x64-0.19.1.tgz",
			"integrity": "sha512-4OrGMPorHCq9h52VLtyyyAmPjC2ZlANx54VDYyCrqXUOi+k0qxnPKXKKprVES67w2mE7TZJx9qZmT+jHeiZbHQ==",
			"dev": true,
			"optional": true
		},
		"@esbuild/openbsd-x64": {
			"version": "0.19.1",
			"resolved": "https://registry.npmjs.org/@esbuild/openbsd-x64/-/openbsd-x64-0.19.1.tgz",
			"integrity": "sha512-3a7ZYMjBC4P3FKdTmUZHJw7Mhzp71m+iSFFhX1PnLZ03qmyaB2K+vJZCk4PjRjAvm5lSupJQQtM/AFMyLgKlxQ==",
			"dev": true,
			"optional": true
		},
		"@esbuild/sunos-x64": {
			"version": "0.19.1",
			"resolved": "https://registry.npmjs.org/@esbuild/sunos-x64/-/sunos-x64-0.19.1.tgz",
			"integrity": "sha512-29yWBN5XfEjXT8yoeVb8cXfN1jAQLB+uskog1vBMhFR+YWOYvsrwPnh4hspETC/JnF95J+iETrvxgOUlICTWIw==",
			"dev": true,
			"optional": true
		},
		"@esbuild/win32-arm64": {
			"version": "0.19.1",
			"resolved": "https://registry.npmjs.org/@esbuild/win32-arm64/-/win32-arm64-0.19.1.tgz",
			"integrity": "sha512-9Hb/WUXgyXlL55w3iNVyLkN9gq9x+agv3kk80foWbfpOwe7Qw4Vx6JGB+XQdsIfvvP1kShVQPIvBgVj0TxLlVw==",
			"dev": true,
			"optional": true
		},
		"@esbuild/win32-ia32": {
			"version": "0.19.1",
			"resolved": "https://registry.npmjs.org/@esbuild/win32-ia32/-/win32-ia32-0.19.1.tgz",
			"integrity": "sha512-VGdtEcXX/f01NgoM8emDnpdOyrZCQ7VTwLv89MOl3mvJ5fbCOBMNCa8t7RZS4lf12RS87qOuJFX7Bh9aLTbSxg==",
			"dev": true,
			"optional": true
		},
		"@esbuild/win32-x64": {
			"version": "0.19.1",
			"resolved": "https://registry.npmjs.org/@esbuild/win32-x64/-/win32-x64-0.19.1.tgz",
			"integrity": "sha512-H6u8OHmJkKJubLbukVOyi9yA5lzK8VE4TFEkZj2vgusTUPvFeMQ8YnWviVc9F6PuKS6ZIpOvi2/sfiW8tQZQ2g==",
			"dev": true,
			"optional": true
		},
		"@types/node": {
			"version": "14.14.41",
			"resolved": "https://registry.npmjs.org/@types/node/-/node-14.14.41.tgz",
			"integrity": "sha512-dueRKfaJL4RTtSa7bWeTK1M+VH+Gns73oCgzvYfHZywRCoPSd8EkXBL0mZ9unPTveBn+D9phZBaxuzpwjWkW0g==",
			"dev": true
		},
		"@types/vscode": {
			"version": "1.68.0",
			"resolved": "https://registry.npmjs.org/@types/vscode/-/vscode-1.68.0.tgz",
			"integrity": "sha512-duBwEK5ta/eBBMJMQ7ECMEsMvlE3XJdRGh3xoS1uOO4jl2Z4LPBl5vx8WvBP10ERAgDRmIt/FaSD4RHyBGbChw==",
			"dev": true
		},
		"esbuild": {
			"version": "0.19.1",
			"resolved": "https://registry.npmjs.org/esbuild/-/esbuild-0.19.1.tgz",
			"integrity": "sha512-IknHHwV4B/H4imOAu+416fuCvPfRjdncoyGi7eunhSvHuHkdNs50sLWan2LEG2Mym07TuW6gJUIyRS9G1miHEg==",
			"dev": true,
			"requires": {
				"@esbuild/android-arm": "0.19.1",
				"@esbuild/android-arm64": "0.19.1",
				"@esbuild/android-x64": "0.19.1",
				"@esbuild/darwin-arm64": "0.19.1",
				"@esbuild/darwin-x64": "0.19.1",
				"@esbuild/freebsd-arm64": "0.19.1",
				"@esbuild/freebsd-x64": "0.19.1",
				"@esbuild/linux-arm": "0.19.1",
				"@esbuild/linux-arm64": "0.19.1",
				"@esbuild/linux-ia32": "0.19.1",
				"@esbuild/linux-loong64": "0.19.1",
				"@esbuild/linux-mips64el": "0.19.1",
				"@esbuild/linux-ppc64": "0.19.1",
				"@esbuild/linux-riscv64": "0.19.1",
				"@esbuild/linux-s390x": "0.19.1",
				"@esbuild/linux-x64": "0.19.1",
				"@esbuild/netbsd-x64": "0.19.1",
				"@esbuild/openbsd-x64": "0.19.1",
				"@esbuild/sunos-x64": "0.19.1",
				"@esbuild/win32-arm64": "0.19.1",
				"@esbuild/win32-ia32": "0.19.1",
				"@esbuild/win32-x64": "0.19.1"
			}
		},
		"lru-cache": {
			"version": "6.0.0",
			"resolved": "https://registry.npmjs.org/lru-cache/-/lru-cache-6.0.0.tgz",
			"integrity": "sha512-Jo6dJ04CmSjuznwJSS3pUeWmd/H0ffTlkXXgwZi+eq1UCmqQwCh+eLsYOYCwY991i2Fah4h1BEMCx4qThGbsiA==",
			"dev": true,
			"requires": {
				"yallist": "^4.0.0"
			}
		},
		"semver": {
			"version": "7.3.7",
			"resolved": "https://registry.npmjs.org/semver/-/semver-7.3.7.tgz",
			"integrity": "sha512-QlYTucUYOews+WeEujDoEGziz4K6c47V/Bd+LjSSYcA94p+DmINdf7ncaUinThfvZyu13lN9OY1XDxt8C0Tw0g==",
			"dev": true,
			"requires": {
				"lru-cache": "^6.0.0"
			}
		},
		"typescript": {
			"version": "4.7.3",
			"resolved": "https://registry.npmjs.org/typescript/-/typescript-4.7.3.tgz",
			"integrity": "sha512-WOkT3XYvrpXx4vMMqlD+8R8R37fZkjyLGlxavMc4iB8lrl8L0DeTcHbYgw/v0N/z9wAFsgBhcsF0ruoySS22mA==",
			"dev": true
		},
		"yallist": {
			"version": "4.0.0",
			"resolved": "https://registry.npmjs.org/yallist/-/yallist-4.0.0.tgz",
			"integrity": "sha512-3wdGidZyq5PB084XLES5TpOSRA3wjXAlIWMhum2kRcv/41Sn2emQ0dycQW4uZXLejwKvg6EsvbdlVL+FYEct7A==",
			"dev": true
		}
	}
}
