{
	"name": "rescript-vscode",
	"version": "1.40.0",
	"lockfileVersion": 2,
	"requires": true,
	"packages": {
		"": {
			"name": "rescript-vscode",
			"version": "1.40.0",
			"hasInstallScript": true,
			"license": "MIT",
			"devDependencies": {
				"@types/node": "^14.14.41",
				"@types/vscode": "1.68.0",
				"semver": "^7.3.7",
				"typescript": "^4.7.3"
			},
			"engines": {
				"vscode": "^1.68.0"
			}
		},
		"node_modules/@types/node": {
			"version": "14.14.41",
			"resolved": "https://registry.npmjs.org/@types/node/-/node-14.14.41.tgz",
			"integrity": "sha512-dueRKfaJL4RTtSa7bWeTK1M+VH+Gns73oCgzvYfHZywRCoPSd8EkXBL0mZ9unPTveBn+D9phZBaxuzpwjWkW0g==",
			"dev": true
		},
		"node_modules/@types/vscode": {
			"version": "1.68.0",
			"resolved": "https://registry.npmjs.org/@types/vscode/-/vscode-1.68.0.tgz",
			"integrity": "sha512-duBwEK5ta/eBBMJMQ7ECMEsMvlE3XJdRGh3xoS1uOO4jl2Z4LPBl5vx8WvBP10ERAgDRmIt/FaSD4RHyBGbChw==",
			"dev": true
		},
		"node_modules/lru-cache": {
			"version": "6.0.0",
			"resolved": "https://registry.npmjs.org/lru-cache/-/lru-cache-6.0.0.tgz",
			"integrity": "sha512-Jo6dJ04CmSjuznwJSS3pUeWmd/H0ffTlkXXgwZi+eq1UCmqQwCh+eLsYOYCwY991i2Fah4h1BEMCx4qThGbsiA==",
			"dev": true,
			"dependencies": {
				"yallist": "^4.0.0"
			},
			"engines": {
				"node": ">=10"
			}
		},
		"node_modules/semver": {
			"version": "7.3.7",
			"resolved": "https://registry.npmjs.org/semver/-/semver-7.3.7.tgz",
			"integrity": "sha512-QlYTucUYOews+WeEujDoEGziz4K6c47V/Bd+LjSSYcA94p+DmINdf7ncaUinThfvZyu13lN9OY1XDxt8C0Tw0g==",
			"dev": true,
			"dependencies": {
				"lru-cache": "^6.0.0"
			},
			"bin": {
				"semver": "bin/semver.js"
			},
			"engines": {
				"node": ">=10"
			}
		},
		"node_modules/typescript": {
			"version": "4.7.3",
			"resolved": "https://registry.npmjs.org/typescript/-/typescript-4.7.3.tgz",
			"integrity": "sha512-WOkT3XYvrpXx4vMMqlD+8R8R37fZkjyLGlxavMc4iB8lrl8L0DeTcHbYgw/v0N/z9wAFsgBhcsF0ruoySS22mA==",
			"dev": true,
			"bin": {
				"tsc": "bin/tsc",
				"tsserver": "bin/tsserver"
			},
			"engines": {
				"node": ">=4.2.0"
			}
		},
		"node_modules/yallist": {
			"version": "4.0.0",
			"resolved": "https://registry.npmjs.org/yallist/-/yallist-4.0.0.tgz",
			"integrity": "sha512-3wdGidZyq5PB084XLES5TpOSRA3wjXAlIWMhum2kRcv/41Sn2emQ0dycQW4uZXLejwKvg6EsvbdlVL+FYEct7A==",
			"dev": true
		}
	},
	"dependencies": {
		"@types/node": {
			"version": "14.14.41",
			"resolved": "https://registry.npmjs.org/@types/node/-/node-14.14.41.tgz",
			"integrity": "sha512-dueRKfaJL4RTtSa7bWeTK1M+VH+Gns73oCgzvYfHZywRCoPSd8EkXBL0mZ9unPTveBn+D9phZBaxuzpwjWkW0g==",
			"dev": true
		},
		"@types/vscode": {
			"version": "1.68.0",
			"resolved": "https://registry.npmjs.org/@types/vscode/-/vscode-1.68.0.tgz",
			"integrity": "sha512-duBwEK5ta/eBBMJMQ7ECMEsMvlE3XJdRGh3xoS1uOO4jl2Z4LPBl5vx8WvBP10ERAgDRmIt/FaSD4RHyBGbChw==",
			"dev": true
		},
		"lru-cache": {
			"version": "6.0.0",
			"resolved": "https://registry.npmjs.org/lru-cache/-/lru-cache-6.0.0.tgz",
			"integrity": "sha512-Jo6dJ04CmSjuznwJSS3pUeWmd/H0ffTlkXXgwZi+eq1UCmqQwCh+eLsYOYCwY991i2Fah4h1BEMCx4qThGbsiA==",
			"dev": true,
			"requires": {
				"yallist": "^4.0.0"
			}
		},
		"semver": {
			"version": "7.3.7",
			"resolved": "https://registry.npmjs.org/semver/-/semver-7.3.7.tgz",
			"integrity": "sha512-QlYTucUYOews+WeEujDoEGziz4K6c47V/Bd+LjSSYcA94p+DmINdf7ncaUinThfvZyu13lN9OY1XDxt8C0Tw0g==",
			"dev": true,
			"requires": {
				"lru-cache": "^6.0.0"
			}
		},
		"typescript": {
			"version": "4.7.3",
			"resolved": "https://registry.npmjs.org/typescript/-/typescript-4.7.3.tgz",
			"integrity": "sha512-WOkT3XYvrpXx4vMMqlD+8R8R37fZkjyLGlxavMc4iB8lrl8L0DeTcHbYgw/v0N/z9wAFsgBhcsF0ruoySS22mA==",
			"dev": true
		},
		"yallist": {
			"version": "4.0.0",
			"resolved": "https://registry.npmjs.org/yallist/-/yallist-4.0.0.tgz",
			"integrity": "sha512-3wdGidZyq5PB084XLES5TpOSRA3wjXAlIWMhum2kRcv/41Sn2emQ0dycQW4uZXLejwKvg6EsvbdlVL+FYEct7A==",
			"dev": true
		}
	}
}
