# This file is generated by running "yarn install" inside your project.
# Manual changes might be lost - proceed with caution!

__metadata:
  version: 8
  cacheKey: 10c0

"@esbuild/aix-ppc64@npm:0.20.2":
  version: 0.20.2
  resolution: "@esbuild/aix-ppc64@npm:0.20.2"
  conditions: os=aix & cpu=ppc64
  languageName: node
  linkType: hard

"@esbuild/android-arm64@npm:0.20.2":
  version: 0.20.2
  resolution: "@esbuild/android-arm64@npm:0.20.2"
  conditions: os=android & cpu=arm64
  languageName: node
  linkType: hard

"@esbuild/android-arm@npm:0.20.2":
  version: 0.20.2
  resolution: "@esbuild/android-arm@npm:0.20.2"
  conditions: os=android & cpu=arm
  languageName: node
  linkType: hard

"@esbuild/android-x64@npm:0.20.2":
  version: 0.20.2
  resolution: "@esbuild/android-x64@npm:0.20.2"
  conditions: os=android & cpu=x64
  languageName: node
  linkType: hard

"@esbuild/darwin-arm64@npm:0.20.2":
  version: 0.20.2
  resolution: "@esbuild/darwin-arm64@npm:0.20.2"
  conditions: os=darwin & cpu=arm64
  languageName: node
  linkType: hard

"@esbuild/darwin-x64@npm:0.20.2":
  version: 0.20.2
  resolution: "@esbuild/darwin-x64@npm:0.20.2"
  conditions: os=darwin & cpu=x64
  languageName: node
  linkType: hard

"@esbuild/freebsd-arm64@npm:0.20.2":
  version: 0.20.2
  resolution: "@esbuild/freebsd-arm64@npm:0.20.2"
  conditions: os=freebsd & cpu=arm64
  languageName: node
  linkType: hard

"@esbuild/freebsd-x64@npm:0.20.2":
  version: 0.20.2
  resolution: "@esbuild/freebsd-x64@npm:0.20.2"
  conditions: os=freebsd & cpu=x64
  languageName: node
  linkType: hard

"@esbuild/linux-arm64@npm:0.20.2":
  version: 0.20.2
  resolution: "@esbuild/linux-arm64@npm:0.20.2"
  conditions: os=linux & cpu=arm64
  languageName: node
  linkType: hard

"@esbuild/linux-arm@npm:0.20.2":
  version: 0.20.2
  resolution: "@esbuild/linux-arm@npm:0.20.2"
  conditions: os=linux & cpu=arm
  languageName: node
  linkType: hard

"@esbuild/linux-ia32@npm:0.20.2":
  version: 0.20.2
  resolution: "@esbuild/linux-ia32@npm:0.20.2"
  conditions: os=linux & cpu=ia32
  languageName: node
  linkType: hard

"@esbuild/linux-loong64@npm:0.20.2":
  version: 0.20.2
  resolution: "@esbuild/linux-loong64@npm:0.20.2"
  conditions: os=linux & cpu=loong64
  languageName: node
  linkType: hard

"@esbuild/linux-mips64el@npm:0.20.2":
  version: 0.20.2
  resolution: "@esbuild/linux-mips64el@npm:0.20.2"
  conditions: os=linux & cpu=mips64el
  languageName: node
  linkType: hard

"@esbuild/linux-ppc64@npm:0.20.2":
  version: 0.20.2
  resolution: "@esbuild/linux-ppc64@npm:0.20.2"
  conditions: os=linux & cpu=ppc64
  languageName: node
  linkType: hard

"@esbuild/linux-riscv64@npm:0.20.2":
  version: 0.20.2
  resolution: "@esbuild/linux-riscv64@npm:0.20.2"
  conditions: os=linux & cpu=riscv64
  languageName: node
  linkType: hard

"@esbuild/linux-s390x@npm:0.20.2":
  version: 0.20.2
  resolution: "@esbuild/linux-s390x@npm:0.20.2"
  conditions: os=linux & cpu=s390x
  languageName: node
  linkType: hard

"@esbuild/linux-x64@npm:0.20.2":
  version: 0.20.2
  resolution: "@esbuild/linux-x64@npm:0.20.2"
  conditions: os=linux & cpu=x64
  languageName: node
  linkType: hard

"@esbuild/netbsd-x64@npm:0.20.2":
  version: 0.20.2
  resolution: "@esbuild/netbsd-x64@npm:0.20.2"
  conditions: os=netbsd & cpu=x64
  languageName: node
  linkType: hard

"@esbuild/openbsd-x64@npm:0.20.2":
  version: 0.20.2
  resolution: "@esbuild/openbsd-x64@npm:0.20.2"
  conditions: os=openbsd & cpu=x64
  languageName: node
  linkType: hard

"@esbuild/sunos-x64@npm:0.20.2":
  version: 0.20.2
  resolution: "@esbuild/sunos-x64@npm:0.20.2"
  conditions: os=sunos & cpu=x64
  languageName: node
  linkType: hard

"@esbuild/win32-arm64@npm:0.20.2":
  version: 0.20.2
  resolution: "@esbuild/win32-arm64@npm:0.20.2"
  conditions: os=win32 & cpu=arm64
  languageName: node
  linkType: hard

"@esbuild/win32-ia32@npm:0.20.2":
  version: 0.20.2
  resolution: "@esbuild/win32-ia32@npm:0.20.2"
  conditions: os=win32 & cpu=ia32
  languageName: node
  linkType: hard

"@esbuild/win32-x64@npm:0.20.2":
  version: 0.20.2
  resolution: "@esbuild/win32-x64@npm:0.20.2"
  conditions: os=win32 & cpu=x64
  languageName: node
  linkType: hard

"@rescript/language-server@workspace:server":
  version: 0.0.0-use.local
  resolution: "@rescript/language-server@workspace:server"
  dependencies:
    "@types/semver": "npm:^7.7.0"
    "@types/vscode": "npm:1.68.0"
    semver: "npm:^7.7.2"
    vscode-jsonrpc: "npm:^8.0.1"
    vscode-languageserver: "npm:^9.0.1"
    vscode-languageserver-protocol: "npm:^3.17.1"
    vscode-languageserver-types: "npm:^3.17.1"
  bin:
    rescript-language-server: ./out/cli.js
  languageName: unknown
  linkType: soft

"@types/node@npm:^14.14.41":
  version: 14.18.63
  resolution: "@types/node@npm:14.18.63"
  checksum: 10c0/626a371419a6a0e11ca460b22bb4894abe5d75c303739588bc96267e380aa8b90ba5a87bc552400584f0ac2a84b5c458dadcbcf0dfd2396ebeb765f7a7f95893
  languageName: node
  linkType: hard

"@types/semver@npm:^7.7.0":
  version: 7.7.0
  resolution: "@types/semver@npm:7.7.0"
  checksum: 10c0/6b5f65f647474338abbd6ee91a6bbab434662ddb8fe39464edcbcfc96484d388baad9eb506dff217b6fc1727a88894930eb1f308617161ac0f376fe06be4e1ee
  languageName: node
  linkType: hard

"@types/vscode@npm:1.68.0":
  version: 1.68.0
  resolution: "@types/vscode@npm:1.68.0"
  checksum: 10c0/131d254aabf16ea779be5848fcd60ce7f109bcd90c77e6e017c61c8d9419422aa881c6feeff19def81d58a809995cadd752073a3fc2674321de72e0753a5d90b
  languageName: node
  linkType: hard

"balanced-match@npm:^1.0.0":
  version: 1.0.2
  resolution: "balanced-match@npm:1.0.2"
  checksum: 10c0/9308baf0a7e4838a82bbfd11e01b1cb0f0cf2893bc1676c27c2a8c0e70cbae1c59120c3268517a8ae7fb6376b4639ef81ca22582611dbee4ed28df945134aaee
  languageName: node
  linkType: hard

"brace-expansion@npm:^2.0.1":
  version: 2.0.1
  resolution: "brace-expansion@npm:2.0.1"
  dependencies:
    balanced-match: "npm:^1.0.0"
  checksum: 10c0/b358f2fe060e2d7a87aa015979ecea07f3c37d4018f8d6deb5bd4c229ad3a0384fe6029bb76cd8be63c81e516ee52d1a0673edbe2023d53a5191732ae3c3e49f
  languageName: node
  linkType: hard

"esbuild@npm:^0.20.1":
  version: 0.20.2
  resolution: "esbuild@npm:0.20.2"
  dependencies:
    "@esbuild/aix-ppc64": "npm:0.20.2"
    "@esbuild/android-arm": "npm:0.20.2"
    "@esbuild/android-arm64": "npm:0.20.2"
    "@esbuild/android-x64": "npm:0.20.2"
    "@esbuild/darwin-arm64": "npm:0.20.2"
    "@esbuild/darwin-x64": "npm:0.20.2"
    "@esbuild/freebsd-arm64": "npm:0.20.2"
    "@esbuild/freebsd-x64": "npm:0.20.2"
    "@esbuild/linux-arm": "npm:0.20.2"
    "@esbuild/linux-arm64": "npm:0.20.2"
    "@esbuild/linux-ia32": "npm:0.20.2"
    "@esbuild/linux-loong64": "npm:0.20.2"
    "@esbuild/linux-mips64el": "npm:0.20.2"
    "@esbuild/linux-ppc64": "npm:0.20.2"
    "@esbuild/linux-riscv64": "npm:0.20.2"
    "@esbuild/linux-s390x": "npm:0.20.2"
    "@esbuild/linux-x64": "npm:0.20.2"
    "@esbuild/netbsd-x64": "npm:0.20.2"
    "@esbuild/openbsd-x64": "npm:0.20.2"
    "@esbuild/sunos-x64": "npm:0.20.2"
    "@esbuild/win32-arm64": "npm:0.20.2"
    "@esbuild/win32-ia32": "npm:0.20.2"
    "@esbuild/win32-x64": "npm:0.20.2"
  dependenciesMeta:
    "@esbuild/aix-ppc64":
      optional: true
    "@esbuild/android-arm":
      optional: true
    "@esbuild/android-arm64":
      optional: true
    "@esbuild/android-x64":
      optional: true
    "@esbuild/darwin-arm64":
      optional: true
    "@esbuild/darwin-x64":
      optional: true
    "@esbuild/freebsd-arm64":
      optional: true
    "@esbuild/freebsd-x64":
      optional: true
    "@esbuild/linux-arm":
      optional: true
    "@esbuild/linux-arm64":
      optional: true
    "@esbuild/linux-ia32":
      optional: true
    "@esbuild/linux-loong64":
      optional: true
    "@esbuild/linux-mips64el":
      optional: true
    "@esbuild/linux-ppc64":
      optional: true
    "@esbuild/linux-riscv64":
      optional: true
    "@esbuild/linux-s390x":
      optional: true
    "@esbuild/linux-x64":
      optional: true
    "@esbuild/netbsd-x64":
      optional: true
    "@esbuild/openbsd-x64":
      optional: true
    "@esbuild/sunos-x64":
      optional: true
    "@esbuild/win32-arm64":
      optional: true
    "@esbuild/win32-ia32":
      optional: true
    "@esbuild/win32-x64":
      optional: true
  bin:
    esbuild: bin/esbuild
  checksum: 10c0/66398f9fb2c65e456a3e649747b39af8a001e47963b25e86d9c09d2a48d61aa641b27da0ce5cad63df95ad246105e1d83e7fee0e1e22a0663def73b1c5101112
  languageName: node
  linkType: hard

"minimatch@npm:^5.1.0":
  version: 5.1.6
  resolution: "minimatch@npm:5.1.6"
  dependencies:
    brace-expansion: "npm:^2.0.1"
  checksum: 10c0/3defdfd230914f22a8da203747c42ee3c405c39d4d37ffda284dac5e45b7e1f6c49aa8be606509002898e73091ff2a3bbfc59c2c6c71d4660609f63aa92f98e3
  languageName: node
  linkType: hard

"rescript-vscode-client@workspace:client":
  version: 0.0.0-use.local
  resolution: "rescript-vscode-client@workspace:client"
  dependencies:
    vscode-languageclient: "npm:8.1.0-next.5"
  languageName: unknown
  linkType: soft

"rescript-vscode@workspace:.":
  version: 0.0.0-use.local
  resolution: "rescript-vscode@workspace:."
  dependencies:
    "@types/node": "npm:^14.14.41"
    "@types/vscode": "npm:1.68.0"
    esbuild: "npm:^0.20.1"
    typescript: "npm:^5.8.3"
  languageName: unknown
  linkType: soft

"semver@npm:^7.3.7, semver@npm:^7.7.2":
  version: 7.7.2
  resolution: "semver@npm:7.7.2"
  bin:
    semver: bin/semver.js
  checksum: 10c0/aca305edfbf2383c22571cb7714f48cadc7ac95371b4b52362fb8eeffdfbc0de0669368b82b2b15978f8848f01d7114da65697e56cd8c37b0dab8c58e543f9ea
  languageName: node
  linkType: hard

"typescript@npm:^5.8.3":
  version: 5.8.3
  resolution: "typescript@npm:5.8.3"
  bin:
    tsc: bin/tsc
    tsserver: bin/tsserver
  checksum: 10c0/5f8bb01196e542e64d44db3d16ee0e4063ce4f3e3966df6005f2588e86d91c03e1fb131c2581baf0fb65ee79669eea6e161cd448178986587e9f6844446dbb48
  languageName: node
  linkType: hard

"typescript@patch:typescript@npm%3A^5.8.3#optional!builtin<compat/typescript>":
  version: 5.8.3
  resolution: "typescript@patch:typescript@npm%3A5.8.3#optional!builtin<compat/typescript>::version=5.8.3&hash=5786d5"
  bin:
    tsc: bin/tsc
    tsserver: bin/tsserver
  checksum: 10c0/39117e346ff8ebd87ae1510b3a77d5d92dae5a89bde588c747d25da5c146603a99c8ee588c7ef80faaf123d89ed46f6dbd918d534d641083177d5fac38b8a1cb
  languageName: node
  linkType: hard

"vscode-jsonrpc@npm:8.1.0-next.6":
  version: 8.1.0-next.6
  resolution: "vscode-jsonrpc@npm:8.1.0-next.6"
  checksum: 10c0/4a1df6b70adf432e84927f3e9456668b81767b356af8605557bb125d2efef51e4935b4770f980976cafbbf5ce446ce2affb54ed47eae66aac0f4307967cf7671
  languageName: node
  linkType: hard

"vscode-jsonrpc@npm:8.2.0":
  version: 8.2.0
  resolution: "vscode-jsonrpc@npm:8.2.0"
  checksum: 10c0/0789c227057a844f5ead55c84679206227a639b9fb76e881185053abc4e9848aa487245966cc2393fcb342c4541241b015a1a2559fddd20ac1e68945c95344e6
  languageName: node
  linkType: hard

"vscode-jsonrpc@npm:^8.0.1":
  version: 8.2.1
  resolution: "vscode-jsonrpc@npm:8.2.1"
  checksum: 10c0/595e07f779112d979d9cd37a00e4b973c39da09dd7c35b149f9fb7857c87db00d0ece7772c5a6f65cc19e38afc4fc64f8130d2f0e6b5f7fc160a0fc6b94e8c07
  languageName: node
  linkType: hard

"vscode-languageclient@npm:8.1.0-next.5":
  version: 8.1.0-next.5
  resolution: "vscode-languageclient@npm:8.1.0-next.5"
  dependencies:
    minimatch: "npm:^5.1.0"
    semver: "npm:^7.3.7"
    vscode-languageserver-protocol: "npm:3.17.3-next.5"
  checksum: 10c0/9c748549cf9a5aebfc7bb667feed0af1d287b1e5bfc981f3f955d221be2f02d1884d398c4f876ce340550e7c6db5e1592703c2e01dd14efdb690bcaaf6f456ed
  languageName: node
  linkType: hard

"vscode-languageserver-protocol@npm:3.17.3-next.5":
  version: 3.17.3-next.5
  resolution: "vscode-languageserver-protocol@npm:3.17.3-next.5"
  dependencies:
    vscode-jsonrpc: "npm:8.1.0-next.6"
    vscode-languageserver-types: "npm:3.17.3-next.2"
  checksum: 10c0/9f7d3a8b7dd75082f05d449e8a4437da3fcad81141b285f529f99fc5680f92b1c102c871947e1005d54fc56cb926d034efa8e859769c9129ff3b3cade0c4e66a
  languageName: node
  linkType: hard

"vscode-languageserver-protocol@npm:3.17.5, vscode-languageserver-protocol@npm:^3.17.1":
  version: 3.17.5
  resolution: "vscode-languageserver-protocol@npm:3.17.5"
  dependencies:
    vscode-jsonrpc: "npm:8.2.0"
    vscode-languageserver-types: "npm:3.17.5"
  checksum: 10c0/5f38fd80da9868d706eaa4a025f4aff9c3faad34646bcde1426f915cbd8d7e8b6c3755ce3fef6eebd256ba3145426af1085305f8a76e34276d2e95aaf339a90b
  languageName: node
  linkType: hard

"vscode-languageserver-types@npm:3.17.3-next.2, vscode-languageserver-types@npm:3.17.5, vscode-languageserver-types@npm:^3.17.1":
  version: 3.17.5
  resolution: "vscode-languageserver-types@npm:3.17.5"
  checksum: 10c0/1e1260de79a2cc8de3e46f2e0182cdc94a7eddab487db5a3bd4ee716f67728e685852707d72c059721ce500447be9a46764a04f0611e94e4321ffa088eef36f8
  languageName: node
  linkType: hard

"vscode-languageserver@npm:^9.0.1":
  version: 9.0.1
  resolution: "vscode-languageserver@npm:9.0.1"
  dependencies:
    vscode-languageserver-protocol: "npm:3.17.5"
  bin:
    installServerIntoExtension: bin/installServerIntoExtension
  checksum: 10c0/8a0838d77c98a211c76e54bd3a6249fc877e4e1a73322673fb0e921168d8e91de4f170f1d4ff7e8b6289d0698207afc6aba6662d4c1cd8e4bd7cae96afd6b0c2
  languageName: node
  linkType: hard
