{
  "name": "monorepo-project",
  "lockfileVersion": 3,
  "requires": true,
  "packages": {
    "": {
      "name": "monorepo-project",
      "workspaces": [
        "packages/app",
        "packages/lib"
      ],
      "dependencies": {
        "rescript": "12.1.0"
      }
    },
    "node_modules/@monorepo/app": {
      "resolved": "packages/app",
      "link": true
    },
    "node_modules/@monorepo/lib": {
      "resolved": "packages/lib",
      "link": true
    },
    "node_modules/@rescript/darwin-arm64": {
      "version": "12.1.0",
      "resolved": "https://registry.npmjs.org/@rescript/darwin-arm64/-/darwin-arm64-12.1.0.tgz",
      "integrity": "sha512-OuJMT+2h2Lp60n8ONFx1oBAAePSVkM9zl7E/EX4VD2xkQoVTPklz0BpHYOICnFJSCOOdbOhbsTBXdLpo3yvllg==",
      "cpu": [
        "arm64"
      ],
      "optional": true,
      "os": [
        "darwin"
      ],
      "engines": {
        "node": ">=20.11.0"
      }
    },
    "node_modules/@rescript/darwin-x64": {
      "version": "12.1.0",
      "resolved": "https://registry.npmjs.org/@rescript/darwin-x64/-/darwin-x64-12.1.0.tgz",
      "integrity": "sha512-r5Iv4ga+LaNq+6g9LODwZG4bwydd9UDXACP/HKxOfrP9XQCITlF/XqB1ZDJWyJOgJLZSJCd7erlG38YtB0VZKA==",
      "cpu": [
        "x64"
      ],
      "optional": true,
      "os": [
        "darwin"
      ],
      "engines": {
        "node": ">=20.11.0"
      }
    },
    "node_modules/@rescript/linux-arm64": {
      "version": "12.1.0",
      "resolved": "https://registry.npmjs.org/@rescript/linux-arm64/-/linux-arm64-12.1.0.tgz",
      "integrity": "sha512-UTZv4GTjbyQ/T5LQDfQiGcumK3SzE1K7+ug6gWpDcGZ7ALc7hCS6BVEFL/LDs8iWVwAwkK/6r456s2zRnvS7wQ==",
      "cpu": [
        "arm64"
      ],
      "optional": true,
      "os": [
        "linux"
      ],
      "engines": {
        "node": ">=20.11.0"
      }
    },
    "node_modules/@rescript/linux-x64": {
      "version": "12.1.0",
      "resolved": "https://registry.npmjs.org/@rescript/linux-x64/-/linux-x64-12.1.0.tgz",
      "integrity": "sha512-c0PXuBL09JRSA4nQusYbR4mW5QJrBPqxDrqvIX+M79fk3d6jQmj5x4NsBwk5BavxvmbR/JU1JjYBlSAa3h22Vg==",
      "cpu": [
        "x64"
      ],
      "optional": true,
      "os": [
        "linux"
      ],
      "engines": {
        "node": ">=20.11.0"
      }
    },
    "node_modules/@rescript/runtime": {
      "version": "12.1.0",
      "resolved": "https://registry.npmjs.org/@rescript/runtime/-/runtime-12.1.0.tgz",
      "integrity": "sha512-bvr9RfvBD+JS/6foWCA4l2fLXmUXN0KGqylXQPHt09QxUghqgoCiaWVHaHSx5dOIk/jAPlGQ7zB5yVeMas/EFQ=="
    },
    "node_modules/@rescript/win32-x64": {
      "version": "12.1.0",
      "resolved": "https://registry.npmjs.org/@rescript/win32-x64/-/win32-x64-12.1.0.tgz",
      "integrity": "sha512-nQC42QByyAbryfkbyK67iskipUqXVwTPCFrqissY4jJoP0128gg0yG6DydJnV1stXphtFdMFHtmyYE1ffG7UBg==",
      "cpu": [
        "x64"
      ],
      "optional": true,
      "os": [
        "win32"
      ],
      "engines": {
        "node": ">=20.11.0"
      }
    },
    "node_modules/rescript": {
      "version": "12.1.0",
      "resolved": "https://registry.npmjs.org/rescript/-/rescript-12.1.0.tgz",
      "integrity": "sha512-n/B43wzIEKV4OmlrWbrlQOL4zZaz0RM/Cc8PG2YvhQvQDW7nscHJliDq1AGeVwHoMX68MeaKKzLDOMOMU9Z6FA==",
      "license": "SEE LICENSE IN LICENSE",
      "workspaces": [
        "packages/playground",
        "packages/@rescript/*",
        "tests/dependencies/**",
        "tests/analysis_tests/**",
        "tests/docstring_tests",
        "tests/gentype_tests/**",
        "tests/tools_tests",
        "scripts/res"
      ],
      "dependencies": {
        "@rescript/runtime": "12.1.0"
      },
      "bin": {
        "bsc": "cli/bsc.js",
        "bstracing": "cli/bstracing.js",
        "rescript": "cli/rescript.js",
        "rescript-legacy": "cli/rescript-legacy.js",
        "rescript-tools": "cli/rescript-tools.js"
      },
      "engines": {
        "node": ">=20.11.0"
      },
      "optionalDependencies": {
        "@rescript/darwin-arm64": "12.1.0",
        "@rescript/darwin-x64": "12.1.0",
        "@rescript/linux-arm64": "12.1.0",
        "@rescript/linux-x64": "12.1.0",
        "@rescript/win32-x64": "12.1.0"
      }
    },
    "packages/app": {
      "name": "@monorepo/app",
      "version": "0.0.1",
      "dependencies": {
        "@monorepo/lib": "*"
      }
    },
    "packages/lib": {
      "name": "@monorepo/lib",
      "version": "0.0.1"
    }
  }
}
