{
  "requires": true,
  "lockfileVersion": 1,
  "dependencies": {
    "bs-platform": {
      "version": "8.3.3",
      "resolved": "https://registry.npmjs.org/bs-platform/-/bs-platform-8.3.3.tgz",
      "integrity": "sha512-ayS5wdvrOX6PxU2wX7O2rLllzsQDzmGq582NNDFwfM6b9HQu7ki242Pc46o2/CnGHHumKVarpX0IZzjC2Llgcg=="
    },
    "reason-react": {
      "version": "0.9.1",
      "resolved": "https://registry.npmjs.org/reason-react/-/reason-react-0.9.1.tgz",
      "integrity": "sha512-nlH0O2TDy9KzOLOW+vlEQk4ExHOeciyzFdoLcsmmiit6hx6H5+CVDrwJ+8aiaLT/kqK5xFOjy4PS7PftWz4plA=="
    }
  }
}
