{
  "name": "termination",
  "version": "0.1.0",
  "lockfileVersion": 2,
  "requires": true,
  "packages": {
    "": {
      "name": "termination",
      "version": "0.1.0",
      "devDependencies": {
        "rescript": "^9.1.4"
      }
    },
    "node_modules/rescript": {
      "version": "9.1.4",
      "dev": true,
      "hasInstallScript": true,
      "license": "SEE LICENSE IN LICENSE",
      "bin": {
        "bsc": "bsc",
        "bsrefmt": "bsrefmt",
        "bstracing": "lib/bstracing",
        "rescript": "rescript"
      }
    }
  },
  "dependencies": {
    "rescript": {
      "version": "9.1.4",
      "dev": true
    }
  }
}
