{
  "name": "termination",
  "version": "0.1.0",
  "lockfileVersion": 1,
  "requires": true,
  "dependencies": {
    "rescript": {
      "version": "10.1.2",
      "resolved": "https://registry.npmjs.org/rescript/-/rescript-10.1.2.tgz",
      "integrity": "sha512-PPdhOiN+lwqxQ0qvzHc1KW0TL12LDy2X+qo/JIMIP3bMfiH0vxQH2e/lXuoutWWm04fGQGTv3hWH+gKW3/UyfA==",
      "dev": true
    }
  }
}
