{
  "name": "rescript9-project",
  "version": "1.0.0",
  "lockfileVersion": 3,
  "requires": true,
  "packages": {
    "": {
      "name": "rescript9-project",
      "version": "1.0.0",
      "dependencies": {
        "rescript": "9.1.4"
      }
    },
    "node_modules/rescript": {
      "version": "9.1.4",
      "resolved": "https://registry.npmjs.org/rescript/-/rescript-9.1.4.tgz",
      "integrity": "sha512-aXANK4IqecJzdnDpJUsU6pxMViCR5ogAxzuqS0mOr8TloMnzAjJFu63fjD6LCkWrKAhlMkFFzQvVQYaAaVkFXw==",
      "hasInstallScript": true,
      "license": "SEE LICENSE IN LICENSE",
      "bin": {
        "bsc": "bsc",
        "bsrefmt": "bsrefmt",
        "bstracing": "lib/bstracing",
        "rescript": "rescript"
      }
    }
  }
}
