{
  "name": "workspaceSymbols",
  "lockfileVersion": 2,
  "requires": true,
  "packages": {
    "": {
      "dependencies": {
        "rescript": "^10.0.0-beta.3"
      }
    },
    "node_modules/rescript": {
      "version": "10.0.0-rc.1",
      "resolved": "https://registry.npmjs.org/rescript/-/rescript-10.0.0-rc.1.tgz",
      "integrity": "sha512-NrB+hr1TcK7ZORw/wu6eAd5J4tu6PwbN5rmcx8NUiVYpuaPAXmX/4DpC0gV2j86cU2QGK/DrEIWeZlchWNDKWg==",
      "hasInstallScript": true,
      "bin": {
        "bsc": "bsc",
        "bsrefmt": "bsrefmt",
        "bstracing": "lib/bstracing",
        "rescript": "rescript"
      }
    }
  },
  "dependencies": {
    "rescript": {
      "version": "10.0.0-rc.1",
      "resolved": "https://registry.npmjs.org/rescript/-/rescript-10.0.0-rc.1.tgz",
      "integrity": "sha512-NrB+hr1TcK7ZORw/wu6eAd5J4tu6PwbN5rmcx8NUiVYpuaPAXmX/4DpC0gV2j86cU2QGK/DrEIWeZlchWNDKWg=="
    }
  }
}
