{
	"name": "@rescript/tools",
	"version": "0.1.3",
	"lockfileVersion": 2,
	"requires": true,
	"packages": {
		"": {
			"name": "@rescript/tools",
			"version": "0.1.3",
			"license": "MIT",
			"dependencies": {
				"rescript": "^11.0.0-rc.4"
			},
			"bin": {
				"rescript-tools": "src/Cli.bs.js"
			},
			"engines": {
				"node": "*"
			}
		},
		"node_modules/rescript": {
			"version": "11.0.0-rc.4",
			"resolved": "https://registry.npmjs.org/rescript/-/rescript-11.0.0-rc.4.tgz",
			"integrity": "sha512-yh82o30J2/B/IwyPZjM+mc82FdyPkXRjXxlsUVEoyc5Z/snlq3Za2PhJhlfacwk+ui5lcOZsH8SndWPiI21vXg==",
			"hasInstallScript": true,
			"bin": {
				"bsc": "bsc",
				"bstracing": "lib/bstracing",
				"rescript": "rescript"
			},
			"engines": {
				"node": ">=10"
			}
		}
	},
	"dependencies": {
		"rescript": {
			"version": "11.0.0-rc.4",
			"resolved": "https://registry.npmjs.org/rescript/-/rescript-11.0.0-rc.4.tgz",
			"integrity": "sha512-yh82o30J2/B/IwyPZjM+mc82FdyPkXRjXxlsUVEoyc5Z/snlq3Za2PhJhlfacwk+ui5lcOZsH8SndWPiI21vXg=="
		}
	}
}
