{
	"name": "@rescript/tools",
	"version": "0.1.3",
	"lockfileVersion": 2,
	"requires": true,
	"packages": {
		"": {
			"name": "@rescript/tools",
			"version": "0.1.3",
			"license": "MIT",
			"dependencies": {
				"rescript": "^11.0.0-rc.6"
			},
			"bin": {
				"rescript-tools": "bin/rescript-tools"
			},
			"engines": {
				"node": "*"
			}
		},
		"node_modules/rescript": {
			"version": "11.0.0-rc.6",
			"resolved": "https://registry.npmjs.org/rescript/-/rescript-11.0.0-rc.6.tgz",
			"integrity": "sha512-2nqdpQxLgQGNp0Rb8AFn5cM3kwRTd54zLvchqCsK3iLOe1CJwdVW5nEF7lsJbFTqihl8W6Va1y7SbFxY3FNxOQ==",
			"hasInstallScript": true,
			"bin": {
				"bsc": "bsc",
				"bstracing": "lib/bstracing",
				"rescript": "rescript"
			},
			"engines": {
				"node": ">=10"
			}
		}
	},
	"dependencies": {
		"rescript": {
			"version": "11.0.0-rc.6",
			"resolved": "https://registry.npmjs.org/rescript/-/rescript-11.0.0-rc.6.tgz",
			"integrity": "sha512-2nqdpQxLgQGNp0Rb8AFn5cM3kwRTd54zLvchqCsK3iLOe1CJwdVW5nEF7lsJbFTqihl8W6Va1y7SbFxY3FNxOQ=="
		}
	}
}
