{
  "name": "tests",
  "lockfileVersion": 2,
  "requires": true,
  "packages": {
    "": {
      "dependencies": {
        "rescript": "^10.1.0-alpha.1"
      },
      "devDependencies": {
        "@rescript/react": "^0.10.3"
      }
    },
    "node_modules/@rescript/react": {
      "version": "0.10.3",
      "resolved": "https://registry.npmjs.org/@rescript/react/-/react-0.10.3.tgz",
      "integrity": "sha512-Lf9rzrR3bQPKJjOK3PBRa/B3xrJ7CqQ1HYr9VHPVxJidarIJJFZBhj0Dg1uZURX+Wg/xiP0PHFxXmdj2bK8Vxw==",
      "dev": true
    },
    "node_modules/rescript": {
      "version": "10.1.0-alpha.1",
      "resolved": "https://registry.npmjs.org/rescript/-/rescript-10.1.0-alpha.1.tgz",
      "integrity": "sha512-nz7AzU3zSipuQtNqwllqjpyzgbwoim8UWKjNvaO4bU/wca1xQ9isMJfAx/1DY8vKc6egab2qj7yu9eitTxkJaA==",
      "hasInstallScript": true,
      "bin": {
        "bsc": "bsc",
        "bsrefmt": "bsrefmt",
        "bstracing": "lib/bstracing",
        "rescript": "rescript"
      }
    }
  },
  "dependencies": {
    "@rescript/react": {
      "version": "0.10.3",
      "resolved": "https://registry.npmjs.org/@rescript/react/-/react-0.10.3.tgz",
      "integrity": "sha512-Lf9rzrR3bQPKJjOK3PBRa/B3xrJ7CqQ1HYr9VHPVxJidarIJJFZBhj0Dg1uZURX+Wg/xiP0PHFxXmdj2bK8Vxw==",
      "dev": true
    },
    "rescript": {
      "version": "10.1.0-alpha.1",
      "resolved": "https://registry.npmjs.org/rescript/-/rescript-10.1.0-alpha.1.tgz",
      "integrity": "sha512-nz7AzU3zSipuQtNqwllqjpyzgbwoim8UWKjNvaO4bU/wca1xQ9isMJfAx/1DY8vKc6egab2qj7yu9eitTxkJaA=="
    }
  }
}
