{
  "name": "tests",
  "lockfileVersion": 2,
  "requires": true,
  "packages": {
    "": {
      "dependencies": {
        "reason-react": "^0.9.1"
      },
      "devDependencies": {
        "rescript": "9.1.1-dev.2"
      }
    },
    "node_modules/reason-react": {
      "version": "0.9.1",
      "license": "MIT",
      "peerDependencies": {
        "bs-platform": "^7.1.1",
        "react": "^16.8.1",
        "react-dom": "^16.8.1"
      }
    },
    "node_modules/rescript": {
      "version": "9.1.1-dev.2",
      "resolved": "https://registry.npmjs.org/rescript/-/rescript-9.1.1-dev.2.tgz",
      "integrity": "sha512-92dum3YonLNYQgNB9vHT3WdGgP7aKhGMmgTOnnkxMZTAuZihzAauBni0Z+EtjHwBvWJOb3c75sRv8RBpm9U0Pg==",
      "dev": true,
      "hasInstallScript": true,
      "bin": {
        "bsb": "bsb",
        "bsc": "bsc",
        "bsrefmt": "bsrefmt",
        "bstracing": "lib/bstracing",
        "rescript": "rescript"
      }
    }
  },
  "dependencies": {
    "reason-react": {
      "version": "0.9.1",
      "requires": {}
    },
    "rescript": {
      "version": "9.1.1-dev.2",
      "resolved": "https://registry.npmjs.org/rescript/-/rescript-9.1.1-dev.2.tgz",
      "integrity": "sha512-92dum3YonLNYQgNB9vHT3WdGgP7aKhGMmgTOnnkxMZTAuZihzAauBni0Z+EtjHwBvWJOb3c75sRv8RBpm9U0Pg==",
      "dev": true
    }
  }
}
