{
  "name": "tests",
  "lockfileVersion": 2,
  "requires": true,
  "packages": {
    "": {
      "dependencies": {
        "rescript": "9.1.2"
      },
      "devDependencies": {
        "@rescript/react": "^0.10.3"
      }
    },
    "node_modules/@rescript/react": {
      "version": "0.10.3",
      "resolved": "https://registry.npmjs.org/@rescript/react/-/react-0.10.3.tgz",
      "integrity": "sha512-Lf9rzrR3bQPKJjOK3PBRa/B3xrJ7CqQ1HYr9VHPVxJidarIJJFZBhj0Dg1uZURX+Wg/xiP0PHFxXmdj2bK8Vxw==",
      "dev": true
    },
    "node_modules/rescript": {
      "version": "9.1.2",
      "resolved": "https://registry.npmjs.org/rescript/-/rescript-9.1.2.tgz",
      "integrity": "sha512-4wHvTDv3nyYnAPJHcg1RGG8z7u3HDiBf6RN3P/dITDv859Qo35aKOzJWQtfBzbAs0EKNafLqei3TnUqiAv6BwQ==",
      "hasInstallScript": true,
      "bin": {
        "bsc": "bsc",
        "bsrefmt": "bsrefmt",
        "bstracing": "lib/bstracing",
        "rescript": "rescript"
      }
    }
  },
  "dependencies": {
    "@rescript/react": {
      "version": "0.10.3",
      "resolved": "https://registry.npmjs.org/@rescript/react/-/react-0.10.3.tgz",
      "integrity": "sha512-Lf9rzrR3bQPKJjOK3PBRa/B3xrJ7CqQ1HYr9VHPVxJidarIJJFZBhj0Dg1uZURX+Wg/xiP0PHFxXmdj2bK8Vxw==",
      "dev": true
    },
    "rescript": {
      "version": "9.1.2",
      "resolved": "https://registry.npmjs.org/rescript/-/rescript-9.1.2.tgz",
      "integrity": "sha512-4wHvTDv3nyYnAPJHcg1RGG8z7u3HDiBf6RN3P/dITDv859Qo35aKOzJWQtfBzbAs0EKNafLqei3TnUqiAv6BwQ=="
    }
  }
}
